
Microsoft Visual Studio Solution File, Format Version 12.00
# Visual Studio Version 17
VisualStudioVersion = 17.2.32616.157
MinimumVisualStudioVersion = 10.0.40219.1
Project("{FAE04EC0-301F-11D3-BF4B-00C04F79EFBC}") = "Employee-CRUD-API", "Employee-CRUD-API\Employee-CRUD-API.csproj", "{DB83C4AE-DF27-49DA-94E8-38DE0F1DFC54}"
EndProject
Project("{FAE04EC0-301F-11D3-BF4B-00C04F79EFBC}") = "DataLayer", "DataLayer\DataLayer.csproj", "{2BCA6E63-D551-42CC-91B7-3762ECE3BB2D}"
EndProject
Project("{FAE04EC0-301F-11D3-BF4B-00C04F79EFBC}") = "ServiceLayer", "ServiceLayer\ServiceLayer.csproj", "{EF39859D-F8F5-49E6-A0FF-831A92884770}"
EndProject
Global
	GlobalSection(SolutionConfigurationPlatforms) = preSolution
		Debug|Any CPU = Debug|Any CPU
		Release|Any CPU = Release|Any CPU
	EndGlobalSection
	GlobalSection(ProjectConfigurationPlatforms) = postSolution
		{DB83C4AE-DF27-49DA-94E8-38DE0F1DFC54}.Debug|Any CPU.ActiveCfg = Debug|Any CPU
		{DB83C4AE-DF27-49DA-94E8-38DE0F1DFC54}.Debug|Any CPU.Build.0 = Debug|Any CPU
		{DB83C4AE-DF27-49DA-94E8-38DE0F1DFC54}.Release|Any CPU.ActiveCfg = Release|Any CPU
		{DB83C4AE-DF27-49DA-94E8-38DE0F1DFC54}.Release|Any CPU.Build.0 = Release|Any CPU
		{2BCA6E63-D551-42CC-91B7-3762ECE3BB2D}.Debug|Any CPU.ActiveCfg = Debug|Any CPU
		{2BCA6E63-D551-42CC-91B7-3762ECE3BB2D}.Debug|Any CPU.Build.0 = Debug|Any CPU
		{2BCA6E63-D551-42CC-91B7-3762ECE3BB2D}.Release|Any CPU.ActiveCfg = Release|Any CPU
		{2BCA6E63-D551-42CC-91B7-3762ECE3BB2D}.Release|Any CPU.Build.0 = Release|Any CPU
		{EF39859D-F8F5-49E6-A0FF-831A92884770}.Debug|Any CPU.ActiveCfg = Debug|Any CPU
		{EF39859D-F8F5-49E6-A0FF-831A92884770}.Debug|Any CPU.Build.0 = Debug|Any CPU
		{EF39859D-F8F5-49E6-A0FF-831A92884770}.Release|Any CPU.ActiveCfg = Release|Any CPU
		{EF39859D-F8F5-49E6-A0FF-831A92884770}.Release|Any CPU.Build.0 = Release|Any CPU
	EndGlobalSection
	GlobalSection(SolutionProperties) = preSolution
		HideSolutionNode = FALSE
	EndGlobalSection
	GlobalSection(ExtensibilityGlobals) = postSolution
		SolutionGuid = {C882C74B-ABEA-41EA-8425-D488A771763A}
	EndGlobalSection
EndGlobal
